
Microsoft Visual Studio Solution File, Format Version 12.00
# Visual Studio Version 16
VisualStudioVersion = 16.0.30717.126
MinimumVisualStudioVersion = 10.0.40219.1
Project("{FAE04EC0-301F-11D3-BF4B-00C04F79EFBC}") = "TestCleaner", "TestCleaner\TestCleaner.csproj", "{A1185C19-8371-481C-9735-3BA2A5D57709}"
EndProject
Global
	GlobalSection(SolutionConfigurationPlatforms) = preSolution
		Debug|Any CPU = Debug|Any CPU
		Release|Any CPU = Release|Any CPU
	EndGlobalSection
	GlobalSection(ProjectConfigurationPlatforms) = postSolution
		{A1185C19-8371-481C-9735-3BA2A5D57709}.Debug|Any CPU.ActiveCfg = Debug|Any CPU
		{A1185C19-8371-481C-9735-3BA2A5D57709}.Debug|Any CPU.Build.0 = Debug|Any CPU
		{A1185C19-8371-481C-9735-3BA2A5D57709}.Release|Any CPU.ActiveCfg = Release|Any CPU
		{A1185C19-8371-481C-9735-3BA2A5D57709}.Release|Any CPU.Build.0 = Release|Any CPU
	EndGlobalSection
	GlobalSection(SolutionProperties) = preSolution
		HideSolutionNode = FALSE
	EndGlobalSection
	GlobalSection(ExtensibilityGlobals) = postSolution
		SolutionGuid = {5E3E3AC2-FD04-418D-A564-4C1B2A92792D}
	EndGlobalSection
EndGlobal
